// !$*UTF8*$!
{
	archiveVersion = 1;
	classes = {
	};
	objectVersion = 50;
	objects = {

/* Begin PBXBuildFile section */
		F543563723D06F3C0039FA17 /* AppDelegate.swift in Sources */ = {isa = PBXBuildFile; fileRef = F543563623D06F3C0039FA17 /* AppDelegate.swift */; };
		F543563923D06F3C0039FA17 /* ViewController.swift in Sources */ = {isa = PBXBuildFile; fileRef = F543563823D06F3C0039FA17 /* ViewController.swift */; };
		F543563C23D06F3C0039FA17 /* Main.storyboard in Resources */ = {isa = PBXBuildFile; fileRef = F543563A23D06F3C0039FA17 /* Main.storyboard */; };
		F543563F23D06F3C0039FA17 /* CoreDataTableView.xcdatamodeld in Sources */ = {isa = PBXBuildFile; fileRef = F543563D23D06F3C0039FA17 /* CoreDataTableView.xcdatamodeld */; };
		F543564123D06F420039FA17 /* Assets.xcassets in Resources */ = {isa = PBXBuildFile; fileRef = F543564023D06F420039FA17 /* Assets.xcassets */; };
		F543564423D06F420039FA17 /* LaunchScreen.storyboard in Resources */ = {isa = PBXBuildFile; fileRef = F543564223D06F420039FA17 /* LaunchScreen.storyboard */; };
		F543564C23D071FC0039FA17 /* PersistenceService.swift in Sources */ = {isa = PBXBuildFile; fileRef = F543564B23D071FC0039FA17 /* PersistenceService.swift */; };
		F543564F23D079A40039FA17 /* Person+CoreDataClass.swift in Sources */ = {isa = PBXBuildFile; fileRef = F543564D23D079A40039FA17 /* Person+CoreDataClass.swift */; };
		F543565023D079A40039FA17 /* Person+CoreDataProperties.swift in Sources */ = {isa = PBXBuildFile; fileRef = F543564E23D079A40039FA17 /* Person+CoreDataProperties.swift */; };
/* End PBXBuildFile section */

/* Begin PBXFileReference section */
		F543563323D06F3C0039FA17 /* CoreDataTableView.app */ = {isa = PBXFileReference; explicitFileType = wrapper.application; includeInIndex = 0; path = CoreDataTableView.app; sourceTree = BUILT_PRODUCTS_DIR; };
		F543563623D06F3C0039FA17 /* AppDelegate.swift */ = {isa = PBXFileReference; lastKnownFileType = sourcecode.swift; path = AppDelegate.swift; sourceTree = "<group>"; };
		F543563823D06F3C0039FA17 /* ViewController.swift */ = {isa = PBXFileReference; lastKnownFileType = sourcecode.swift; path = ViewController.swift; sourceTree = "<group>"; };
		F543563B23D06F3C0039FA17 /* Base */ = {isa = PBXFileReference; lastKnownFileType = file.storyboard; name = Base; path = Base.lproj/Main.storyboard; sourceTree = "<group>"; };
		F543563E23D06F3C0039FA17 /* CoreDataTableView.xcdatamodel */ = {isa = PBXFileReference; lastKnownFileType = wrapper.xcdatamodel; path = CoreDataTableView.xcdatamodel; sourceTree = "<group>"; };
		F543564023D06F420039FA17 /* Assets.xcassets */ = {isa = PBXFileReference; lastKnownFileType = folder.assetcatalog; path = Assets.xcassets; sourceTree = "<group>"; };
		F543564323D06F420039FA17 /* Base */ = {isa = PBXFileReference; lastKnownFileType = file.storyboard; name = Base; path = Base.lproj/LaunchScreen.storyboard; sourceTree = "<group>"; };
		F543564523D06F420039FA17 /* Info.plist */ = {isa = PBXFileReference; lastKnownFileType = text.plist.xml; path = Info.plist; sourceTree = "<group>"; };
		F543564B23D071FC0039FA17 /* PersistenceService.swift */ = {isa = PBXFileReference; lastKnownFileType = sourcecode.swift; path = PersistenceService.swift; sourceTree = "<group>"; };
		F543564D23D079A40039FA17 /* Person+CoreDataClass.swift */ = {isa = PBXFileReference; lastKnownFileType = sourcecode.swift; path = "Person+CoreDataClass.swift"; sourceTree = "<group>"; };
		F543564E23D079A40039FA17 /* Person+CoreDataProperties.swift */ = {isa = PBXFileReference; lastKnownFileType = sourcecode.swift; path = "Person+CoreDataProperties.swift"; sourceTree = "<group>"; };
/* End PBXFileReference section */

/* Begin PBXFrameworksBuildPhase section */
		F543563023D06F3C0039FA17 /* Frameworks */ = {
			isa = PBXFrameworksBuildPhase;
			buildActionMask = 2147483647;
			files = (
			);
			runOnlyForDeploymentPostprocessing = 0;
		};
/* End PBXFrameworksBuildPhase section */

/* Begin PBXGroup section */
		F543562A23D06F3C0039FA17 = {
			isa = PBXGroup;
			children = (
				F543563523D06F3C0039FA17 /* CoreDataTableView */,
				F543563423D06F3C0039FA17 /* Products */,
			);
			sourceTree = "<group>";
		};
		F543563423D06F3C0039FA17 /* Products */ = {
			isa = PBXGroup;
			children = (
				F543563323D06F3C0039FA17 /* CoreDataTableView.app */,
			);
			name = Products;
			sourceTree = "<group>";
		};
		F543563523D06F3C0039FA17 /* CoreDataTableView */ = {
			isa = PBXGroup;
			children = (
				F543564D23D079A40039FA17 /* Person+CoreDataClass.swift */,
				F543564E23D079A40039FA17 /* Person+CoreDataProperties.swift */,
				F543564B23D071FC0039FA17 /* PersistenceService.swift */,
				F543563623D06F3C0039FA17 /* AppDelegate.swift */,
				F543563823D06F3C0039FA17 /* ViewController.swift */,
				F543563A23D06F3C0039FA17 /* Main.storyboard */,
				F543564023D06F420039FA17 /* Assets.xcassets */,
				F543564223D06F420039FA17 /* LaunchScreen.storyboard */,
				F543564523D06F420039FA17 /* Info.plist */,
				F543563D23D06F3C0039FA17 /* CoreDataTableView.xcdatamodeld */,
			);
			path = CoreDataTableView;
			sourceTree = "<group>";
		};
/* End PBXGroup section */

/* Begin PBXNativeTarget section */
		F543563223D06F3C0039FA17 /* CoreDataTableView */ = {
			isa = PBXNativeTarget;
			buildConfigurationList = F543564823D06F420039FA17 /* Build configuration list for PBXNativeTarget "CoreDataTableView" */;
			buildPhases = (
				F543562F23D06F3C0039FA17 /* Sources */,
				F543563023D06F3C0039FA17 /* Frameworks */,
				F543563123D06F3C0039FA17 /* Resources */,
			);
			buildRules = (
			);
			dependencies = (
			);
			name = CoreDataTableView;
			productName = CoreDataTableView;
			productReference = F543563323D06F3C0039FA17 /* CoreDataTableView.app */;
			productType = "com.apple.product-type.application";
		};
/* End PBXNativeTarget section */

/* Begin PBXProject section */
		F543562B23D06F3C0039FA17 /* Project object */ = {
			isa = PBXProject;
			attributes = {
				LastSwiftUpdateCheck = 1010;
				LastUpgradeCheck = 1010;
				ORGANIZATIONNAME = Benseron;
				TargetAttributes = {
					F543563223D06F3C0039FA17 = {
						CreatedOnToolsVersion = 10.1;
					};
				};
			};
			buildConfigurationList = F543562E23D06F3C0039FA17 /* Build configuration list for PBXProject "CoreDataTableView" */;
			compatibilityVersion = "Xcode 9.3";
			developmentRegion = en;
			hasScannedForEncodings = 0;
			knownRegions = (
				en,
				Base,
			);
			mainGroup = F543562A23D06F3C0039FA17;
			productRefGroup = F543563423D06F3C0039FA17 /* Products */;
			projectDirPath = "";
			projectRoot = "";
			targets = (
				F543563223D06F3C0039FA17 /* CoreDataTableView */,
			);
		};
/* End PBXProject section */

/* Begin PBXResourcesBuildPhase section */
		F543563123D06F3C0039FA17 /* Resources */ = {
			isa = PBXResourcesBuildPhase;
			buildActionMask = 2147483647;
			files = (
				F543564423D06F420039FA17 /* LaunchScreen.storyboard in Resources */,
				F543564123D06F420039FA17 /* Assets.xcassets in Resources */,
				F543563C23D06F3C0039FA17 /* Main.storyboard in Resources */,
			);
			runOnlyForDeploymentPostprocessing = 0;
		};
/* End PBXResourcesBuildPhase section */

/* Begin PBXSourcesBuildPhase section */
		F543562F23D06F3C0039FA17 /* Sources */ = {
			isa = PBXSourcesBuildPhase;
			buildActionMask = 2147483647;
			files = (
				F543563923D06F3C0039FA17 /* ViewController.swift in Sources */,
				F543564C23D071FC0039FA17 /* PersistenceService.swift in Sources */,
				F543565023D079A40039FA17 /* Person+CoreDataProperties.swift in Sources */,
				F543564F23D079A40039FA17 /* Person+CoreDataClass.swift in Sources */,
				F543563F23D06F3C0039FA17 /* CoreDataTableView.xcdatamodeld in Sources */,
				F543563723D06F3C0039FA17 /* AppDelegate.swift in Sources */,
			);
			runOnlyForDeploymentPostprocessing = 0;
		};
/* End PBXSourcesBuildPhase section */

/* Begin PBXVariantGroup section */
		F543563A23D06F3C0039FA17 /* Main.storyboard */ = {
			isa = PBXVariantGroup;
			children = (
				F543563B23D06F3C0039FA17 /* Base */,
			);
			name = Main.storyboard;
			sourceTree = "<group>";
		};
		F543564223D06F420039FA17 /* LaunchScreen.storyboard */ = {
			isa = PBXVariantGroup;
			children = (
				F543564323D06F420039FA17 /* Base */,
			);
			name = LaunchScreen.storyboard;
			sourceTree = "<group>";
		};
/* End PBXVariantGroup section */

/* Begin XCBuildConfiguration section */
		F543564623D06F420039FA17 /* Debug */ = {
			isa = XCBuildConfiguration;
			buildSettings = {
				ALWAYS_SEARCH_USER_PATHS = NO;
				CLANG_ANALYZER_NONNULL = YES;
				CLANG_ANALYZER_NUMBER_OBJECT_CONVERSION = YES_AGGRESSIVE;
				CLANG_CXX_LANGUAGE_STANDARD = "gnu++14";
				CLANG_CXX_LIBRARY = "libc++";
				CLANG_ENABLE_MODULES = YES;
				CLANG_ENABLE_OBJC_ARC = YES;
				CLANG_ENABLE_OBJC_WEAK = YES;
				CLANG_WARN_BLOCK_CAPTURE_AUTORELEASING = YES;
				CLANG_WARN_BOOL_CONVERSION = YES;
				CLANG_WARN_COMMA = YES;
				CLANG_WARN_CONSTANT_CONVERSION = YES;
				CLANG_WARN_DEPRECATED_OBJC_IMPLEMENTATIONS = YES;
				CLANG_WARN_DIRECT_OBJC_ISA_USAGE = YES_ERROR;
				CLANG_WARN_DOCUMENTATION_COMMENTS = YES;
				CLANG_WARN_EMPTY_BODY = YES;
				CLANG_WARN_ENUM_CONVERSION = YES;
				CLANG_WARN_INFINITE_RECURSION = YES;
				CLANG_WARN_INT_CONVERSION = YES;
				CLANG_WARN_NON_LITERAL_NULL_CONVERSION = YES;
				CLANG_WARN_OBJC_IMPLICIT_RETAIN_SELF = YES;
				CLANG_WARN_OBJC_LITERAL_CONVERSION = YES;
				CLANG_WARN_OBJC_ROOT_CLASS = YES_ERROR;
				CLANG_WARN_RANGE_LOOP_ANALYSIS = YES;
				CLANG_WARN_STRICT_PROTOTYPES = YES;
				CLANG_WARN_SUSPICIOUS_MOVE = YES;
				CLANG_WARN_UNGUARDED_AVAILABILITY = YES_AGGRESSIVE;
				CLANG_WARN_UNREACHABLE_CODE = YES;
				CLANG_WARN__DUPLICATE_METHOD_MATCH = YES;
				CODE_SIGN_IDENTITY = "iPhone Developer";
				COPY_PHASE_STRIP = NO;
				DEBUG_INFORMATION_FORMAT = dwarf;
				ENABLE_STRICT_OBJC_MSGSEND = YES;
				ENABLE_TESTABILITY = YES;
				GCC_C_LANGUAGE_STANDARD = gnu11;
				GCC_DYNAMIC_NO_PIC = NO;
				GCC_NO_COMMON_BLOCKS = YES;
				GCC_OPTIMIZATION_LEVEL = 0;
				GCC_PREPROCESSOR_DEFINITIONS = (
					"DEBUG=1",
					"$(inherited)",
				);
				GCC_WARN_64_TO_32_BIT_CONVERSION = YES;
				GCC_WARN_ABOUT_RETURN_TYPE = YES_ERROR;
				GCC_WARN_UNDECLARED_SELECTOR = YES;
				GCC_WARN_UNINITIALIZED_AUTOS = YES_AGGRESSIVE;
				GCC_WARN_UNUSED_FUNCTION = YES;
				GCC_WARN_UNUSED_VARIABLE = YES;
				IPHONEOS_DEPLOYMENT_TARGET = 12.1;
				MTL_ENABLE_DEBUG_INFO = INCLUDE_SOURCE;
				MTL_FAST_MATH = YES;
				ONLY_ACTIVE_ARCH = YES;
				SDKROOT = iphoneos;
				SWIFT_ACTIVE_COMPILATION_CONDITIONS = DEBUG;
				SWIFT_OPTIMIZATION_LEVEL = "-Onone";
			};
			name = Debug;
		};
		F543564723D06F420039FA17 /* Release */ = {
			isa = XCBuildConfiguration;
			buildSettings = {
				ALWAYS_SEARCH_USER_PATHS = NO;
				CLANG_ANALYZER_NONNULL = YES;
				CLANG_ANALYZER_NUMBER_OBJECT_CONVERSION = YES_AGGRESSIVE;
				CLANG_CXX_LANGUAGE_STANDARD = "gnu++14";
				CLANG_CXX_LIBRARY = "libc++";
				CLANG_ENABLE_MODULES = YES;
				CLANG_ENABLE_OBJC_ARC = YES;
				CLANG_ENABLE_OBJC_WEAK = YES;
				CLANG_WARN_BLOCK_CAPTURE_AUTORELEASING = YES;
				CLANG_WARN_BOOL_CONVERSION = YES;
				CLANG_WARN_COMMA = YES;
				CLANG_WARN_CONSTANT_CONVERSION = YES;
				CLANG_WARN_DEPRECATED_OBJC_IMPLEMENTATIONS = YES;
				CLANG_WARN_DIRECT_OBJC_ISA_USAGE = YES_ERROR;
				CLANG_WARN_DOCUMENTATION_COMMENTS = YES;
				CLANG_WARN_EMPTY_BODY = YES;
				CLANG_WARN_ENUM_CONVERSION = YES;
				CLANG_WARN_INFINITE_RECURSION = YES;
				CLANG_WARN_INT_CONVERSION = YES;
				CLANG_WARN_NON_LITERAL_NULL_CONVERSION = YES;
				CLANG_WARN_OBJC_IMPLICIT_RETAIN_SELF = YES;
				CLANG_WARN_OBJC_LITERAL_CONVERSION = YES;
				CLANG_WARN_OBJC_ROOT_CLASS = YES_ERROR;
				CLANG_WARN_RANGE_LOOP_ANALYSIS = YES;
				CLANG_WARN_STRICT_PROTOTYPES = YES;
				CLANG_WARN_SUSPICIOUS_MOVE = YES;
				CLANG_WARN_UNGUARDED_AVAILABILITY = YES_AGGRESSIVE;
				CLANG_WARN_UNREACHABLE_CODE = YES;
				CLANG_WARN__DUPLICATE_METHOD_MATCH = YES;
				CODE_SIGN_IDENTITY = "iPhone Developer";
				COPY_PHASE_STRIP = NO;
				DEBUG_INFORMATION_FORMAT = "dwarf-with-dsym";
				ENABLE_NS_ASSERTIONS = NO;
				ENABLE_STRICT_OBJC_MSGSEND = YES;
				GCC_C_LANGUAGE_STANDARD = gnu11;
				GCC_NO_COMMON_BLOCKS = YES;
				GCC_WARN_64_TO_32_BIT_CONVERSION = YES;
				GCC_WARN_ABOUT_RETURN_TYPE = YES_ERROR;
				GCC_WARN_UNDECLARED_SELECTOR = YES;
				GCC_WARN_UNINITIALIZED_AUTOS = YES_AGGRESSIVE;
				GCC_WARN_UNUSED_FUNCTION = YES;
				GCC_WARN_UNUSED_VARIABLE = YES;
				IPHONEOS_DEPLOYMENT_TARGET = 12.1;
				MTL_ENABLE_DEBUG_INFO = NO;
				MTL_FAST_MATH = YES;
				SDKROOT = iphoneos;
				SWIFT_COMPILATION_MODE = wholemodule;
				SWIFT_OPTIMIZATION_LEVEL = "-O";
				VALIDATE_PRODUCT = YES;
			};
			name = Release;
		};
		F543564923D06F420039FA17 /* Debug */ = {
			isa = XCBuildConfiguration;
			buildSettings = {
				ASSETCATALOG_COMPILER_APPICON_NAME = AppIcon;
				CODE_SIGN_STYLE = Automatic;
				DEVELOPMENT_TEAM = 48LDZRBPHR;
				INFOPLIST_FILE = CoreDataTableView/Info.plist;
				LD_RUNPATH_SEARCH_PATHS = (
					"$(inherited)",
					"@executable_path/Frameworks",
				);
				PRODUCT_BUNDLE_IDENTIFIER = com.benseron.CoreDataTableView;
				PRODUCT_NAME = "$(TARGET_NAME)";
				SWIFT_VERSION = 4.2;
				TARGETED_DEVICE_FAMILY = "1,2";
			};
			name = Debug;
		};
		F543564A23D06F420039FA17 /* Release */ = {
			isa = XCBuildConfiguration;
			buildSettings = {
				ASSETCATALOG_COMPILER_APPICON_NAME = AppIcon;
				CODE_SIGN_STYLE = Automatic;
				DEVELOPMENT_TEAM = 48LDZRBPHR;
				INFOPLIST_FILE = CoreDataTableView/Info.plist;
				LD_RUNPATH_SEARCH_PATHS = (
					"$(inherited)",
					"@executable_path/Frameworks",
				);
				PRODUCT_BUNDLE_IDENTIFIER = com.benseron.CoreDataTableView;
				PRODUCT_NAME = "$(TARGET_NAME)";
				SWIFT_VERSION = 4.2;
				TARGETED_DEVICE_FAMILY = "1,2";
			};
			name = Release;
		};
/* End XCBuildConfiguration section */

/* Begin XCConfigurationList section */
		F543562E23D06F3C0039FA17 /* Build configuration list for PBXProject "CoreDataTableView" */ = {
			isa = XCConfigurationList;
			buildConfigurations = (
				F543564623D06F420039FA17 /* Debug */,
				F543564723D06F420039FA17 /* Release */,
			);
			defaultConfigurationIsVisible = 0;
			defaultConfigurationName = Release;
		};
		F543564823D06F420039FA17 /* Build configuration list for PBXNativeTarget "CoreDataTableView" */ = {
			isa = XCConfigurationList;
			buildConfigurations = (
				F543564923D06F420039FA17 /* Debug */,
				F543564A23D06F420039FA17 /* Release */,
			);
			defaultConfigurationIsVisible = 0;
			defaultConfigurationName = Release;
		};
/* End XCConfigurationList section */

/* Begin XCVersionGroup section */
		F543563D23D06F3C0039FA17 /* CoreDataTableView.xcdatamodeld */ = {
			isa = XCVersionGroup;
			children = (
				F543563E23D06F3C0039FA17 /* CoreDataTableView.xcdatamodel */,
			);
			currentVersion = F543563E23D06F3C0039FA17 /* CoreDataTableView.xcdatamodel */;
			path = CoreDataTableView.xcdatamodeld;
			sourceTree = "<group>";
			versionGroupType = wrapper.xcdatamodel;
		};
/* End XCVersionGroup section */
	};
	rootObject = F543562B23D06F3C0039FA17 /* Project object */;
}
