// !$*UTF8*$!
{
	archiveVersion = 1;
	classes = {
	};
	objectVersion = 50;
	objects = {

/* Begin PBXBuildFile section */
		F5ABA99823E071CC00EA92C3 /* SQLite.swift in Sources */ = {isa = PBXBuildFile; fileRef = F5ABA99723E071CC00EA92C3 /* SQLite.swift */; };
		F5BC54D023DEE91300F24CA9 /* AppDelegate.swift in Sources */ = {isa = PBXBuildFile; fileRef = F5BC54CF23DEE91300F24CA9 /* AppDelegate.swift */; };
		F5BC54D223DEE91300F24CA9 /* ViewController.swift in Sources */ = {isa = PBXBuildFile; fileRef = F5BC54D123DEE91300F24CA9 /* ViewController.swift */; };
		F5BC54D523DEE91300F24CA9 /* Main.storyboard in Resources */ = {isa = PBXBuildFile; fileRef = F5BC54D323DEE91300F24CA9 /* Main.storyboard */; };
		F5BC54D823DEE91300F24CA9 /* Customer_Profile.xcdatamodeld in Sources */ = {isa = PBXBuildFile; fileRef = F5BC54D623DEE91300F24CA9 /* Customer_Profile.xcdatamodeld */; };
		F5BC54DA23DEE91400F24CA9 /* Assets.xcassets in Resources */ = {isa = PBXBuildFile; fileRef = F5BC54D923DEE91400F24CA9 /* Assets.xcassets */; };
		F5BC54DD23DEE91400F24CA9 /* LaunchScreen.storyboard in Resources */ = {isa = PBXBuildFile; fileRef = F5BC54DB23DEE91400F24CA9 /* LaunchScreen.storyboard */; };
		F5FF0C5023E0671000E7E854 /* CustomerModel.swift in Sources */ = {isa = PBXBuildFile; fileRef = F5FF0C4F23E0671000E7E854 /* CustomerModel.swift */; };
/* End PBXBuildFile section */

/* Begin PBXFileReference section */
		F5ABA99723E071CC00EA92C3 /* SQLite.swift */ = {isa = PBXFileReference; lastKnownFileType = sourcecode.swift; path = SQLite.swift; sourceTree = "<group>"; };
		F5BC54CC23DEE91300F24CA9 /* Customer Profile.app */ = {isa = PBXFileReference; explicitFileType = wrapper.application; includeInIndex = 0; path = "Customer Profile.app"; sourceTree = BUILT_PRODUCTS_DIR; };
		F5BC54CF23DEE91300F24CA9 /* AppDelegate.swift */ = {isa = PBXFileReference; lastKnownFileType = sourcecode.swift; path = AppDelegate.swift; sourceTree = "<group>"; };
		F5BC54D123DEE91300F24CA9 /* ViewController.swift */ = {isa = PBXFileReference; lastKnownFileType = sourcecode.swift; path = ViewController.swift; sourceTree = "<group>"; };
		F5BC54D423DEE91300F24CA9 /* Base */ = {isa = PBXFileReference; lastKnownFileType = file.storyboard; name = Base; path = Base.lproj/Main.storyboard; sourceTree = "<group>"; };
		F5BC54D723DEE91300F24CA9 /* Customer_Profile.xcdatamodel */ = {isa = PBXFileReference; lastKnownFileType = wrapper.xcdatamodel; path = Customer_Profile.xcdatamodel; sourceTree = "<group>"; };
		F5BC54D923DEE91400F24CA9 /* Assets.xcassets */ = {isa = PBXFileReference; lastKnownFileType = folder.assetcatalog; path = Assets.xcassets; sourceTree = "<group>"; };
		F5BC54DC23DEE91400F24CA9 /* Base */ = {isa = PBXFileReference; lastKnownFileType = file.storyboard; name = Base; path = Base.lproj/LaunchScreen.storyboard; sourceTree = "<group>"; };
		F5BC54DE23DEE91400F24CA9 /* Info.plist */ = {isa = PBXFileReference; lastKnownFileType = text.plist.xml; path = Info.plist; sourceTree = "<group>"; };
		F5FF0C4F23E0671000E7E854 /* CustomerModel.swift */ = {isa = PBXFileReference; lastKnownFileType = sourcecode.swift; path = CustomerModel.swift; sourceTree = "<group>"; };
/* End PBXFileReference section */

/* Begin PBXFrameworksBuildPhase section */
		F5BC54C923DEE91300F24CA9 /* Frameworks */ = {
			isa = PBXFrameworksBuildPhase;
			buildActionMask = 2147483647;
			files = (
			);
			runOnlyForDeploymentPostprocessing = 0;
		};
/* End PBXFrameworksBuildPhase section */

/* Begin PBXGroup section */
		F5BC54C323DEE91300F24CA9 = {
			isa = PBXGroup;
			children = (
				F5BC54CE23DEE91300F24CA9 /* Customer Profile */,
				F5BC54CD23DEE91300F24CA9 /* Products */,
			);
			sourceTree = "<group>";
		};
		F5BC54CD23DEE91300F24CA9 /* Products */ = {
			isa = PBXGroup;
			children = (
				F5BC54CC23DEE91300F24CA9 /* Customer Profile.app */,
			);
			name = Products;
			sourceTree = "<group>";
		};
		F5BC54CE23DEE91300F24CA9 /* Customer Profile */ = {
			isa = PBXGroup;
			children = (
				F5BC54CF23DEE91300F24CA9 /* AppDelegate.swift */,
				F5ABA99723E071CC00EA92C3 /* SQLite.swift */,
				F5BC54D123DEE91300F24CA9 /* ViewController.swift */,
				F5FF0C4F23E0671000E7E854 /* CustomerModel.swift */,
				F5BC54D323DEE91300F24CA9 /* Main.storyboard */,
				F5BC54D923DEE91400F24CA9 /* Assets.xcassets */,
				F5BC54DB23DEE91400F24CA9 /* LaunchScreen.storyboard */,
				F5BC54DE23DEE91400F24CA9 /* Info.plist */,
				F5BC54D623DEE91300F24CA9 /* Customer_Profile.xcdatamodeld */,
			);
			path = "Customer Profile";
			sourceTree = "<group>";
		};
/* End PBXGroup section */

/* Begin PBXNativeTarget section */
		F5BC54CB23DEE91300F24CA9 /* Customer Profile */ = {
			isa = PBXNativeTarget;
			buildConfigurationList = F5BC54E123DEE91400F24CA9 /* Build configuration list for PBXNativeTarget "Customer Profile" */;
			buildPhases = (
				F5BC54C823DEE91300F24CA9 /* Sources */,
				F5BC54C923DEE91300F24CA9 /* Frameworks */,
				F5BC54CA23DEE91300F24CA9 /* Resources */,
			);
			buildRules = (
			);
			dependencies = (
			);
			name = "Customer Profile";
			productName = "Customer Profile";
			productReference = F5BC54CC23DEE91300F24CA9 /* Customer Profile.app */;
			productType = "com.apple.product-type.application";
		};
/* End PBXNativeTarget section */

/* Begin PBXProject section */
		F5BC54C423DEE91300F24CA9 /* Project object */ = {
			isa = PBXProject;
			attributes = {
				LastSwiftUpdateCheck = 1010;
				LastUpgradeCheck = 1010;
				ORGANIZATIONNAME = Benseron;
				TargetAttributes = {
					F5BC54CB23DEE91300F24CA9 = {
						CreatedOnToolsVersion = 10.1;
					};
				};
			};
			buildConfigurationList = F5BC54C723DEE91300F24CA9 /* Build configuration list for PBXProject "Customer Profile" */;
			compatibilityVersion = "Xcode 9.3";
			developmentRegion = en;
			hasScannedForEncodings = 0;
			knownRegions = (
				en,
				Base,
			);
			mainGroup = F5BC54C323DEE91300F24CA9;
			productRefGroup = F5BC54CD23DEE91300F24CA9 /* Products */;
			projectDirPath = "";
			projectRoot = "";
			targets = (
				F5BC54CB23DEE91300F24CA9 /* Customer Profile */,
			);
		};
/* End PBXProject section */

/* Begin PBXResourcesBuildPhase section */
		F5BC54CA23DEE91300F24CA9 /* Resources */ = {
			isa = PBXResourcesBuildPhase;
			buildActionMask = 2147483647;
			files = (
				F5BC54DD23DEE91400F24CA9 /* LaunchScreen.storyboard in Resources */,
				F5BC54DA23DEE91400F24CA9 /* Assets.xcassets in Resources */,
				F5BC54D523DEE91300F24CA9 /* Main.storyboard in Resources */,
			);
			runOnlyForDeploymentPostprocessing = 0;
		};
/* End PBXResourcesBuildPhase section */

/* Begin PBXSourcesBuildPhase section */
		F5BC54C823DEE91300F24CA9 /* Sources */ = {
			isa = PBXSourcesBuildPhase;
			buildActionMask = 2147483647;
			files = (
				F5BC54D223DEE91300F24CA9 /* ViewController.swift in Sources */,
				F5ABA99823E071CC00EA92C3 /* SQLite.swift in Sources */,
				F5FF0C5023E0671000E7E854 /* CustomerModel.swift in Sources */,
				F5BC54D023DEE91300F24CA9 /* AppDelegate.swift in Sources */,
				F5BC54D823DEE91300F24CA9 /* Customer_Profile.xcdatamodeld in Sources */,
			);
			runOnlyForDeploymentPostprocessing = 0;
		};
/* End PBXSourcesBuildPhase section */

/* Begin PBXVariantGroup section */
		F5BC54D323DEE91300F24CA9 /* Main.storyboard */ = {
			isa = PBXVariantGroup;
			children = (
				F5BC54D423DEE91300F24CA9 /* Base */,
			);
			name = Main.storyboard;
			sourceTree = "<group>";
		};
		F5BC54DB23DEE91400F24CA9 /* LaunchScreen.storyboard */ = {
			isa = PBXVariantGroup;
			children = (
				F5BC54DC23DEE91400F24CA9 /* Base */,
			);
			name = LaunchScreen.storyboard;
			sourceTree = "<group>";
		};
/* End PBXVariantGroup section */

/* Begin XCBuildConfiguration section */
		F5BC54DF23DEE91400F24CA9 /* Debug */ = {
			isa = XCBuildConfiguration;
			buildSettings = {
				ALWAYS_SEARCH_USER_PATHS = NO;
				CLANG_ANALYZER_NONNULL = YES;
				CLANG_ANALYZER_NUMBER_OBJECT_CONVERSION = YES_AGGRESSIVE;
				CLANG_CXX_LANGUAGE_STANDARD = "gnu++14";
				CLANG_CXX_LIBRARY = "libc++";
				CLANG_ENABLE_MODULES = YES;
				CLANG_ENABLE_OBJC_ARC = YES;
				CLANG_ENABLE_OBJC_WEAK = YES;
				CLANG_WARN_BLOCK_CAPTURE_AUTORELEASING = YES;
				CLANG_WARN_BOOL_CONVERSION = YES;
				CLANG_WARN_COMMA = YES;
				CLANG_WARN_CONSTANT_CONVERSION = YES;
				CLANG_WARN_DEPRECATED_OBJC_IMPLEMENTATIONS = YES;
				CLANG_WARN_DIRECT_OBJC_ISA_USAGE = YES_ERROR;
				CLANG_WARN_DOCUMENTATION_COMMENTS = YES;
				CLANG_WARN_EMPTY_BODY = YES;
				CLANG_WARN_ENUM_CONVERSION = YES;
				CLANG_WARN_INFINITE_RECURSION = YES;
				CLANG_WARN_INT_CONVERSION = YES;
				CLANG_WARN_NON_LITERAL_NULL_CONVERSION = YES;
				CLANG_WARN_OBJC_IMPLICIT_RETAIN_SELF = YES;
				CLANG_WARN_OBJC_LITERAL_CONVERSION = YES;
				CLANG_WARN_OBJC_ROOT_CLASS = YES_ERROR;
				CLANG_WARN_RANGE_LOOP_ANALYSIS = YES;
				CLANG_WARN_STRICT_PROTOTYPES = YES;
				CLANG_WARN_SUSPICIOUS_MOVE = YES;
				CLANG_WARN_UNGUARDED_AVAILABILITY = YES_AGGRESSIVE;
				CLANG_WARN_UNREACHABLE_CODE = YES;
				CLANG_WARN__DUPLICATE_METHOD_MATCH = YES;
				CODE_SIGN_IDENTITY = "iPhone Developer";
				COPY_PHASE_STRIP = NO;
				DEBUG_INFORMATION_FORMAT = dwarf;
				ENABLE_STRICT_OBJC_MSGSEND = YES;
				ENABLE_TESTABILITY = YES;
				GCC_C_LANGUAGE_STANDARD = gnu11;
				GCC_DYNAMIC_NO_PIC = NO;
				GCC_NO_COMMON_BLOCKS = YES;
				GCC_OPTIMIZATION_LEVEL = 0;
				GCC_PREPROCESSOR_DEFINITIONS = (
					"DEBUG=1",
					"$(inherited)",
				);
				GCC_WARN_64_TO_32_BIT_CONVERSION = YES;
				GCC_WARN_ABOUT_RETURN_TYPE = YES_ERROR;
				GCC_WARN_UNDECLARED_SELECTOR = YES;
				GCC_WARN_UNINITIALIZED_AUTOS = YES_AGGRESSIVE;
				GCC_WARN_UNUSED_FUNCTION = YES;
				GCC_WARN_UNUSED_VARIABLE = YES;
				IPHONEOS_DEPLOYMENT_TARGET = 12.1;
				MTL_ENABLE_DEBUG_INFO = INCLUDE_SOURCE;
				MTL_FAST_MATH = YES;
				ONLY_ACTIVE_ARCH = YES;
				SDKROOT = iphoneos;
				SWIFT_ACTIVE_COMPILATION_CONDITIONS = DEBUG;
				SWIFT_OPTIMIZATION_LEVEL = "-Onone";
			};
			name = Debug;
		};
		F5BC54E023DEE91400F24CA9 /* Release */ = {
			isa = XCBuildConfiguration;
			buildSettings = {
				ALWAYS_SEARCH_USER_PATHS = NO;
				CLANG_ANALYZER_NONNULL = YES;
				CLANG_ANALYZER_NUMBER_OBJECT_CONVERSION = YES_AGGRESSIVE;
				CLANG_CXX_LANGUAGE_STANDARD = "gnu++14";
				CLANG_CXX_LIBRARY = "libc++";
				CLANG_ENABLE_MODULES = YES;
				CLANG_ENABLE_OBJC_ARC = YES;
				CLANG_ENABLE_OBJC_WEAK = YES;
				CLANG_WARN_BLOCK_CAPTURE_AUTORELEASING = YES;
				CLANG_WARN_BOOL_CONVERSION = YES;
				CLANG_WARN_COMMA = YES;
				CLANG_WARN_CONSTANT_CONVERSION = YES;
				CLANG_WARN_DEPRECATED_OBJC_IMPLEMENTATIONS = YES;
				CLANG_WARN_DIRECT_OBJC_ISA_USAGE = YES_ERROR;
				CLANG_WARN_DOCUMENTATION_COMMENTS = YES;
				CLANG_WARN_EMPTY_BODY = YES;
				CLANG_WARN_ENUM_CONVERSION = YES;
				CLANG_WARN_INFINITE_RECURSION = YES;
				CLANG_WARN_INT_CONVERSION = YES;
				CLANG_WARN_NON_LITERAL_NULL_CONVERSION = YES;
				CLANG_WARN_OBJC_IMPLICIT_RETAIN_SELF = YES;
				CLANG_WARN_OBJC_LITERAL_CONVERSION = YES;
				CLANG_WARN_OBJC_ROOT_CLASS = YES_ERROR;
				CLANG_WARN_RANGE_LOOP_ANALYSIS = YES;
				CLANG_WARN_STRICT_PROTOTYPES = YES;
				CLANG_WARN_SUSPICIOUS_MOVE = YES;
				CLANG_WARN_UNGUARDED_AVAILABILITY = YES_AGGRESSIVE;
				CLANG_WARN_UNREACHABLE_CODE = YES;
				CLANG_WARN__DUPLICATE_METHOD_MATCH = YES;
				CODE_SIGN_IDENTITY = "iPhone Developer";
				COPY_PHASE_STRIP = NO;
				DEBUG_INFORMATION_FORMAT = "dwarf-with-dsym";
				ENABLE_NS_ASSERTIONS = NO;
				ENABLE_STRICT_OBJC_MSGSEND = YES;
				GCC_C_LANGUAGE_STANDARD = gnu11;
				GCC_NO_COMMON_BLOCKS = YES;
				GCC_WARN_64_TO_32_BIT_CONVERSION = YES;
				GCC_WARN_ABOUT_RETURN_TYPE = YES_ERROR;
				GCC_WARN_UNDECLARED_SELECTOR = YES;
				GCC_WARN_UNINITIALIZED_AUTOS = YES_AGGRESSIVE;
				GCC_WARN_UNUSED_FUNCTION = YES;
				GCC_WARN_UNUSED_VARIABLE = YES;
				IPHONEOS_DEPLOYMENT_TARGET = 12.1;
				MTL_ENABLE_DEBUG_INFO = NO;
				MTL_FAST_MATH = YES;
				SDKROOT = iphoneos;
				SWIFT_COMPILATION_MODE = wholemodule;
				SWIFT_OPTIMIZATION_LEVEL = "-O";
				VALIDATE_PRODUCT = YES;
			};
			name = Release;
		};
		F5BC54E223DEE91400F24CA9 /* Debug */ = {
			isa = XCBuildConfiguration;
			buildSettings = {
				ASSETCATALOG_COMPILER_APPICON_NAME = AppIcon;
				CODE_SIGN_STYLE = Automatic;
				DEVELOPMENT_TEAM = 48LDZRBPHR;
				INFOPLIST_FILE = "Customer Profile/Info.plist";
				LD_RUNPATH_SEARCH_PATHS = (
					"$(inherited)",
					"@executable_path/Frameworks",
				);
				PRODUCT_BUNDLE_IDENTIFIER = "com.benseron.Customer-Profile";
				PRODUCT_NAME = "$(TARGET_NAME)";
				SWIFT_VERSION = 4.2;
				TARGETED_DEVICE_FAMILY = "1,2";
			};
			name = Debug;
		};
		F5BC54E323DEE91400F24CA9 /* Release */ = {
			isa = XCBuildConfiguration;
			buildSettings = {
				ASSETCATALOG_COMPILER_APPICON_NAME = AppIcon;
				CODE_SIGN_STYLE = Automatic;
				DEVELOPMENT_TEAM = 48LDZRBPHR;
				INFOPLIST_FILE = "Customer Profile/Info.plist";
				LD_RUNPATH_SEARCH_PATHS = (
					"$(inherited)",
					"@executable_path/Frameworks",
				);
				PRODUCT_BUNDLE_IDENTIFIER = "com.benseron.Customer-Profile";
				PRODUCT_NAME = "$(TARGET_NAME)";
				SWIFT_VERSION = 4.2;
				TARGETED_DEVICE_FAMILY = "1,2";
			};
			name = Release;
		};
/* End XCBuildConfiguration section */

/* Begin XCConfigurationList section */
		F5BC54C723DEE91300F24CA9 /* Build configuration list for PBXProject "Customer Profile" */ = {
			isa = XCConfigurationList;
			buildConfigurations = (
				F5BC54DF23DEE91400F24CA9 /* Debug */,
				F5BC54E023DEE91400F24CA9 /* Release */,
			);
			defaultConfigurationIsVisible = 0;
			defaultConfigurationName = Release;
		};
		F5BC54E123DEE91400F24CA9 /* Build configuration list for PBXNativeTarget "Customer Profile" */ = {
			isa = XCConfigurationList;
			buildConfigurations = (
				F5BC54E223DEE91400F24CA9 /* Debug */,
				F5BC54E323DEE91400F24CA9 /* Release */,
			);
			defaultConfigurationIsVisible = 0;
			defaultConfigurationName = Release;
		};
/* End XCConfigurationList section */

/* Begin XCVersionGroup section */
		F5BC54D623DEE91300F24CA9 /* Customer_Profile.xcdatamodeld */ = {
			isa = XCVersionGroup;
			children = (
				F5BC54D723DEE91300F24CA9 /* Customer_Profile.xcdatamodel */,
			);
			currentVersion = F5BC54D723DEE91300F24CA9 /* Customer_Profile.xcdatamodel */;
			path = Customer_Profile.xcdatamodeld;
			sourceTree = "<group>";
			versionGroupType = wrapper.xcdatamodel;
		};
/* End XCVersionGroup section */
	};
	rootObject = F5BC54C423DEE91300F24CA9 /* Project object */;
}
