// !$*UTF8*$!
{
	archiveVersion = 1;
	classes = {
	};
	objectVersion = 50;
	objects = {

/* Begin PBXBuildFile section */
		F5BBE7F123CD9BB800820EC0 /* AppDelegate.swift in Sources */ = {isa = PBXBuildFile; fileRef = F5BBE7F023CD9BB800820EC0 /* AppDelegate.swift */; };
		F5BBE7F323CD9BB800820EC0 /* ViewController.swift in Sources */ = {isa = PBXBuildFile; fileRef = F5BBE7F223CD9BB800820EC0 /* ViewController.swift */; };
		F5BBE7F623CD9BB800820EC0 /* Main.storyboard in Resources */ = {isa = PBXBuildFile; fileRef = F5BBE7F423CD9BB800820EC0 /* Main.storyboard */; };
		F5BBE7F823CD9BBE00820EC0 /* Assets.xcassets in Resources */ = {isa = PBXBuildFile; fileRef = F5BBE7F723CD9BBE00820EC0 /* Assets.xcassets */; };
		F5BBE7FB23CD9BBE00820EC0 /* LaunchScreen.storyboard in Resources */ = {isa = PBXBuildFile; fileRef = F5BBE7F923CD9BBE00820EC0 /* LaunchScreen.storyboard */; };
		F5BBE83823CDA0CD00820EC0 /* Alamofire.framework in Frameworks */ = {isa = PBXBuildFile; fileRef = F5BBE82B23CDA0B800820EC0 /* Alamofire.framework */; };
		F5BBE83923CDA0CD00820EC0 /* Alamofire.framework in Embed Frameworks */ = {isa = PBXBuildFile; fileRef = F5BBE82B23CDA0B800820EC0 /* Alamofire.framework */; settings = {ATTRIBUTES = (CodeSignOnCopy, RemoveHeadersOnCopy, ); }; };
/* End PBXBuildFile section */

/* Begin PBXContainerItemProxy section */
		F5BBE82A23CDA0B800820EC0 /* PBXContainerItemProxy */ = {
			isa = PBXContainerItemProxy;
			containerPortal = F5BBE81F23CDA0B800820EC0 /* Alamofire.xcodeproj */;
			proxyType = 2;
			remoteGlobalIDString = F8111E3319A95C8B0040E7D1;
			remoteInfo = "Alamofire iOS";
		};
		F5BBE82C23CDA0B800820EC0 /* PBXContainerItemProxy */ = {
			isa = PBXContainerItemProxy;
			containerPortal = F5BBE81F23CDA0B800820EC0 /* Alamofire.xcodeproj */;
			proxyType = 2;
			remoteGlobalIDString = F8111E3E19A95C8B0040E7D1;
			remoteInfo = "Alamofire iOS Tests";
		};
		F5BBE82E23CDA0B800820EC0 /* PBXContainerItemProxy */ = {
			isa = PBXContainerItemProxy;
			containerPortal = F5BBE81F23CDA0B800820EC0 /* Alamofire.xcodeproj */;
			proxyType = 2;
			remoteGlobalIDString = 4DD67C0B1A5C55C900ED2280;
			remoteInfo = "Alamofire OSX";
		};
		F5BBE83023CDA0B800820EC0 /* PBXContainerItemProxy */ = {
			isa = PBXContainerItemProxy;
			containerPortal = F5BBE81F23CDA0B800820EC0 /* Alamofire.xcodeproj */;
			proxyType = 2;
			remoteGlobalIDString = F829C6B21A7A94F100A2CD59;
			remoteInfo = "Alamofire OSX Tests";
		};
		F5BBE83223CDA0B800820EC0 /* PBXContainerItemProxy */ = {
			isa = PBXContainerItemProxy;
			containerPortal = F5BBE81F23CDA0B800820EC0 /* Alamofire.xcodeproj */;
			proxyType = 2;
			remoteGlobalIDString = 4CF626EF1BA7CB3E0011A099;
			remoteInfo = "Alamofire tvOS";
		};
		F5BBE83423CDA0B800820EC0 /* PBXContainerItemProxy */ = {
			isa = PBXContainerItemProxy;
			containerPortal = F5BBE81F23CDA0B800820EC0 /* Alamofire.xcodeproj */;
			proxyType = 2;
			remoteGlobalIDString = 4CF626F81BA7CB3E0011A099;
			remoteInfo = "Alamofire tvOS Tests";
		};
		F5BBE83623CDA0B800820EC0 /* PBXContainerItemProxy */ = {
			isa = PBXContainerItemProxy;
			containerPortal = F5BBE81F23CDA0B800820EC0 /* Alamofire.xcodeproj */;
			proxyType = 2;
			remoteGlobalIDString = E4202FE01B667AA100C997FB;
			remoteInfo = "Alamofire watchOS";
		};
		F5BBE83A23CDA0CD00820EC0 /* PBXContainerItemProxy */ = {
			isa = PBXContainerItemProxy;
			containerPortal = F5BBE81F23CDA0B800820EC0 /* Alamofire.xcodeproj */;
			proxyType = 1;
			remoteGlobalIDString = F8111E3219A95C8B0040E7D1;
			remoteInfo = "Alamofire iOS";
		};
/* End PBXContainerItemProxy section */

/* Begin PBXCopyFilesBuildPhase section */
		F5BBE81E23CD9CCD00820EC0 /* Embed Frameworks */ = {
			isa = PBXCopyFilesBuildPhase;
			buildActionMask = 2147483647;
			dstPath = "";
			dstSubfolderSpec = 10;
			files = (
				F5BBE83923CDA0CD00820EC0 /* Alamofire.framework in Embed Frameworks */,
			);
			name = "Embed Frameworks";
			runOnlyForDeploymentPostprocessing = 0;
		};
/* End PBXCopyFilesBuildPhase section */

/* Begin PBXFileReference section */
		F5BBE7ED23CD9BB800820EC0 /* AlamofirewithGit.app */ = {isa = PBXFileReference; explicitFileType = wrapper.application; includeInIndex = 0; path = AlamofirewithGit.app; sourceTree = BUILT_PRODUCTS_DIR; };
		F5BBE7F023CD9BB800820EC0 /* AppDelegate.swift */ = {isa = PBXFileReference; lastKnownFileType = sourcecode.swift; path = AppDelegate.swift; sourceTree = "<group>"; };
		F5BBE7F223CD9BB800820EC0 /* ViewController.swift */ = {isa = PBXFileReference; lastKnownFileType = sourcecode.swift; path = ViewController.swift; sourceTree = "<group>"; };
		F5BBE7F523CD9BB800820EC0 /* Base */ = {isa = PBXFileReference; lastKnownFileType = file.storyboard; name = Base; path = Base.lproj/Main.storyboard; sourceTree = "<group>"; };
		F5BBE7F723CD9BBE00820EC0 /* Assets.xcassets */ = {isa = PBXFileReference; lastKnownFileType = folder.assetcatalog; path = Assets.xcassets; sourceTree = "<group>"; };
		F5BBE7FA23CD9BBE00820EC0 /* Base */ = {isa = PBXFileReference; lastKnownFileType = file.storyboard; name = Base; path = Base.lproj/LaunchScreen.storyboard; sourceTree = "<group>"; };
		F5BBE7FC23CD9BBE00820EC0 /* Info.plist */ = {isa = PBXFileReference; lastKnownFileType = text.plist.xml; path = Info.plist; sourceTree = "<group>"; };
		F5BBE81F23CDA0B800820EC0 /* Alamofire.xcodeproj */ = {isa = PBXFileReference; lastKnownFileType = "wrapper.pb-project"; name = Alamofire.xcodeproj; path = "Alamofire-4.0.0/Alamofire.xcodeproj"; sourceTree = "<group>"; };
/* End PBXFileReference section */

/* Begin PBXFrameworksBuildPhase section */
		F5BBE7EA23CD9BB800820EC0 /* Frameworks */ = {
			isa = PBXFrameworksBuildPhase;
			buildActionMask = 2147483647;
			files = (
				F5BBE83823CDA0CD00820EC0 /* Alamofire.framework in Frameworks */,
			);
			runOnlyForDeploymentPostprocessing = 0;
		};
/* End PBXFrameworksBuildPhase section */

/* Begin PBXGroup section */
		F5BBE7E423CD9BB800820EC0 = {
			isa = PBXGroup;
			children = (
				F5BBE81F23CDA0B800820EC0 /* Alamofire.xcodeproj */,
				F5BBE7EF23CD9BB800820EC0 /* AlamofirewithGit */,
				F5BBE7EE23CD9BB800820EC0 /* Products */,
			);
			sourceTree = "<group>";
		};
		F5BBE7EE23CD9BB800820EC0 /* Products */ = {
			isa = PBXGroup;
			children = (
				F5BBE7ED23CD9BB800820EC0 /* AlamofirewithGit.app */,
			);
			name = Products;
			sourceTree = "<group>";
		};
		F5BBE7EF23CD9BB800820EC0 /* AlamofirewithGit */ = {
			isa = PBXGroup;
			children = (
				F5BBE7F023CD9BB800820EC0 /* AppDelegate.swift */,
				F5BBE7F223CD9BB800820EC0 /* ViewController.swift */,
				F5BBE7F423CD9BB800820EC0 /* Main.storyboard */,
				F5BBE7F723CD9BBE00820EC0 /* Assets.xcassets */,
				F5BBE7F923CD9BBE00820EC0 /* LaunchScreen.storyboard */,
				F5BBE7FC23CD9BBE00820EC0 /* Info.plist */,
			);
			path = AlamofirewithGit;
			sourceTree = "<group>";
		};
		F5BBE82023CDA0B800820EC0 /* Products */ = {
			isa = PBXGroup;
			children = (
				F5BBE82B23CDA0B800820EC0 /* Alamofire.framework */,
				F5BBE82D23CDA0B800820EC0 /* Alamofire iOS Tests.xctest */,
				F5BBE82F23CDA0B800820EC0 /* Alamofire.framework */,
				F5BBE83123CDA0B800820EC0 /* Alamofire OSX Tests.xctest */,
				F5BBE83323CDA0B800820EC0 /* Alamofire.framework */,
				F5BBE83523CDA0B800820EC0 /* Alamofire tvOS Tests.xctest */,
				F5BBE83723CDA0B800820EC0 /* Alamofire.framework */,
			);
			name = Products;
			sourceTree = "<group>";
		};
/* End PBXGroup section */

/* Begin PBXNativeTarget section */
		F5BBE7EC23CD9BB800820EC0 /* AlamofirewithGit */ = {
			isa = PBXNativeTarget;
			buildConfigurationList = F5BBE7FF23CD9BBE00820EC0 /* Build configuration list for PBXNativeTarget "AlamofirewithGit" */;
			buildPhases = (
				F5BBE7E923CD9BB800820EC0 /* Sources */,
				F5BBE7EA23CD9BB800820EC0 /* Frameworks */,
				F5BBE7EB23CD9BB800820EC0 /* Resources */,
				F5BBE81E23CD9CCD00820EC0 /* Embed Frameworks */,
			);
			buildRules = (
			);
			dependencies = (
				F5BBE83B23CDA0CD00820EC0 /* PBXTargetDependency */,
			);
			name = AlamofirewithGit;
			productName = AlamofirewithGit;
			productReference = F5BBE7ED23CD9BB800820EC0 /* AlamofirewithGit.app */;
			productType = "com.apple.product-type.application";
		};
/* End PBXNativeTarget section */

/* Begin PBXProject section */
		F5BBE7E523CD9BB800820EC0 /* Project object */ = {
			isa = PBXProject;
			attributes = {
				LastSwiftUpdateCheck = 1010;
				LastUpgradeCheck = 1010;
				ORGANIZATIONNAME = Benseron;
				TargetAttributes = {
					F5BBE7EC23CD9BB800820EC0 = {
						CreatedOnToolsVersion = 10.1;
					};
				};
			};
			buildConfigurationList = F5BBE7E823CD9BB800820EC0 /* Build configuration list for PBXProject "AlamofirewithGit" */;
			compatibilityVersion = "Xcode 9.3";
			developmentRegion = en;
			hasScannedForEncodings = 0;
			knownRegions = (
				en,
				Base,
			);
			mainGroup = F5BBE7E423CD9BB800820EC0;
			productRefGroup = F5BBE7EE23CD9BB800820EC0 /* Products */;
			projectDirPath = "";
			projectReferences = (
				{
					ProductGroup = F5BBE82023CDA0B800820EC0 /* Products */;
					ProjectRef = F5BBE81F23CDA0B800820EC0 /* Alamofire.xcodeproj */;
				},
			);
			projectRoot = "";
			targets = (
				F5BBE7EC23CD9BB800820EC0 /* AlamofirewithGit */,
			);
		};
/* End PBXProject section */

/* Begin PBXReferenceProxy section */
		F5BBE82B23CDA0B800820EC0 /* Alamofire.framework */ = {
			isa = PBXReferenceProxy;
			fileType = wrapper.framework;
			path = Alamofire.framework;
			remoteRef = F5BBE82A23CDA0B800820EC0 /* PBXContainerItemProxy */;
			sourceTree = BUILT_PRODUCTS_DIR;
		};
		F5BBE82D23CDA0B800820EC0 /* Alamofire iOS Tests.xctest */ = {
			isa = PBXReferenceProxy;
			fileType = wrapper.cfbundle;
			path = "Alamofire iOS Tests.xctest";
			remoteRef = F5BBE82C23CDA0B800820EC0 /* PBXContainerItemProxy */;
			sourceTree = BUILT_PRODUCTS_DIR;
		};
		F5BBE82F23CDA0B800820EC0 /* Alamofire.framework */ = {
			isa = PBXReferenceProxy;
			fileType = wrapper.framework;
			path = Alamofire.framework;
			remoteRef = F5BBE82E23CDA0B800820EC0 /* PBXContainerItemProxy */;
			sourceTree = BUILT_PRODUCTS_DIR;
		};
		F5BBE83123CDA0B800820EC0 /* Alamofire OSX Tests.xctest */ = {
			isa = PBXReferenceProxy;
			fileType = wrapper.cfbundle;
			path = "Alamofire OSX Tests.xctest";
			remoteRef = F5BBE83023CDA0B800820EC0 /* PBXContainerItemProxy */;
			sourceTree = BUILT_PRODUCTS_DIR;
		};
		F5BBE83323CDA0B800820EC0 /* Alamofire.framework */ = {
			isa = PBXReferenceProxy;
			fileType = wrapper.framework;
			path = Alamofire.framework;
			remoteRef = F5BBE83223CDA0B800820EC0 /* PBXContainerItemProxy */;
			sourceTree = BUILT_PRODUCTS_DIR;
		};
		F5BBE83523CDA0B800820EC0 /* Alamofire tvOS Tests.xctest */ = {
			isa = PBXReferenceProxy;
			fileType = wrapper.cfbundle;
			path = "Alamofire tvOS Tests.xctest";
			remoteRef = F5BBE83423CDA0B800820EC0 /* PBXContainerItemProxy */;
			sourceTree = BUILT_PRODUCTS_DIR;
		};
		F5BBE83723CDA0B800820EC0 /* Alamofire.framework */ = {
			isa = PBXReferenceProxy;
			fileType = wrapper.framework;
			path = Alamofire.framework;
			remoteRef = F5BBE83623CDA0B800820EC0 /* PBXContainerItemProxy */;
			sourceTree = BUILT_PRODUCTS_DIR;
		};
/* End PBXReferenceProxy section */

/* Begin PBXResourcesBuildPhase section */
		F5BBE7EB23CD9BB800820EC0 /* Resources */ = {
			isa = PBXResourcesBuildPhase;
			buildActionMask = 2147483647;
			files = (
				F5BBE7FB23CD9BBE00820EC0 /* LaunchScreen.storyboard in Resources */,
				F5BBE7F823CD9BBE00820EC0 /* Assets.xcassets in Resources */,
				F5BBE7F623CD9BB800820EC0 /* Main.storyboard in Resources */,
			);
			runOnlyForDeploymentPostprocessing = 0;
		};
/* End PBXResourcesBuildPhase section */

/* Begin PBXSourcesBuildPhase section */
		F5BBE7E923CD9BB800820EC0 /* Sources */ = {
			isa = PBXSourcesBuildPhase;
			buildActionMask = 2147483647;
			files = (
				F5BBE7F323CD9BB800820EC0 /* ViewController.swift in Sources */,
				F5BBE7F123CD9BB800820EC0 /* AppDelegate.swift in Sources */,
			);
			runOnlyForDeploymentPostprocessing = 0;
		};
/* End PBXSourcesBuildPhase section */

/* Begin PBXTargetDependency section */
		F5BBE83B23CDA0CD00820EC0 /* PBXTargetDependency */ = {
			isa = PBXTargetDependency;
			name = "Alamofire iOS";
			targetProxy = F5BBE83A23CDA0CD00820EC0 /* PBXContainerItemProxy */;
		};
/* End PBXTargetDependency section */

/* Begin PBXVariantGroup section */
		F5BBE7F423CD9BB800820EC0 /* Main.storyboard */ = {
			isa = PBXVariantGroup;
			children = (
				F5BBE7F523CD9BB800820EC0 /* Base */,
			);
			name = Main.storyboard;
			sourceTree = "<group>";
		};
		F5BBE7F923CD9BBE00820EC0 /* LaunchScreen.storyboard */ = {
			isa = PBXVariantGroup;
			children = (
				F5BBE7FA23CD9BBE00820EC0 /* Base */,
			);
			name = LaunchScreen.storyboard;
			sourceTree = "<group>";
		};
/* End PBXVariantGroup section */

/* Begin XCBuildConfiguration section */
		F5BBE7FD23CD9BBE00820EC0 /* Debug */ = {
			isa = XCBuildConfiguration;
			buildSettings = {
				ALWAYS_SEARCH_USER_PATHS = NO;
				CLANG_ANALYZER_NONNULL = YES;
				CLANG_ANALYZER_NUMBER_OBJECT_CONVERSION = YES_AGGRESSIVE;
				CLANG_CXX_LANGUAGE_STANDARD = "gnu++14";
				CLANG_CXX_LIBRARY = "libc++";
				CLANG_ENABLE_MODULES = YES;
				CLANG_ENABLE_OBJC_ARC = YES;
				CLANG_ENABLE_OBJC_WEAK = YES;
				CLANG_WARN_BLOCK_CAPTURE_AUTORELEASING = YES;
				CLANG_WARN_BOOL_CONVERSION = YES;
				CLANG_WARN_COMMA = YES;
				CLANG_WARN_CONSTANT_CONVERSION = YES;
				CLANG_WARN_DEPRECATED_OBJC_IMPLEMENTATIONS = YES;
				CLANG_WARN_DIRECT_OBJC_ISA_USAGE = YES_ERROR;
				CLANG_WARN_DOCUMENTATION_COMMENTS = YES;
				CLANG_WARN_EMPTY_BODY = YES;
				CLANG_WARN_ENUM_CONVERSION = YES;
				CLANG_WARN_INFINITE_RECURSION = YES;
				CLANG_WARN_INT_CONVERSION = YES;
				CLANG_WARN_NON_LITERAL_NULL_CONVERSION = YES;
				CLANG_WARN_OBJC_IMPLICIT_RETAIN_SELF = YES;
				CLANG_WARN_OBJC_LITERAL_CONVERSION = YES;
				CLANG_WARN_OBJC_ROOT_CLASS = YES_ERROR;
				CLANG_WARN_RANGE_LOOP_ANALYSIS = YES;
				CLANG_WARN_STRICT_PROTOTYPES = YES;
				CLANG_WARN_SUSPICIOUS_MOVE = YES;
				CLANG_WARN_UNGUARDED_AVAILABILITY = YES_AGGRESSIVE;
				CLANG_WARN_UNREACHABLE_CODE = YES;
				CLANG_WARN__DUPLICATE_METHOD_MATCH = YES;
				CODE_SIGN_IDENTITY = "iPhone Developer";
				COPY_PHASE_STRIP = NO;
				DEBUG_INFORMATION_FORMAT = dwarf;
				ENABLE_STRICT_OBJC_MSGSEND = YES;
				ENABLE_TESTABILITY = YES;
				GCC_C_LANGUAGE_STANDARD = gnu11;
				GCC_DYNAMIC_NO_PIC = NO;
				GCC_NO_COMMON_BLOCKS = YES;
				GCC_OPTIMIZATION_LEVEL = 0;
				GCC_PREPROCESSOR_DEFINITIONS = (
					"DEBUG=1",
					"$(inherited)",
				);
				GCC_WARN_64_TO_32_BIT_CONVERSION = YES;
				GCC_WARN_ABOUT_RETURN_TYPE = YES_ERROR;
				GCC_WARN_UNDECLARED_SELECTOR = YES;
				GCC_WARN_UNINITIALIZED_AUTOS = YES_AGGRESSIVE;
				GCC_WARN_UNUSED_FUNCTION = YES;
				GCC_WARN_UNUSED_VARIABLE = YES;
				IPHONEOS_DEPLOYMENT_TARGET = 12.1;
				MTL_ENABLE_DEBUG_INFO = INCLUDE_SOURCE;
				MTL_FAST_MATH = YES;
				ONLY_ACTIVE_ARCH = YES;
				SDKROOT = iphoneos;
				SWIFT_ACTIVE_COMPILATION_CONDITIONS = DEBUG;
				SWIFT_OPTIMIZATION_LEVEL = "-Onone";
			};
			name = Debug;
		};
		F5BBE7FE23CD9BBE00820EC0 /* Release */ = {
			isa = XCBuildConfiguration;
			buildSettings = {
				ALWAYS_SEARCH_USER_PATHS = NO;
				CLANG_ANALYZER_NONNULL = YES;
				CLANG_ANALYZER_NUMBER_OBJECT_CONVERSION = YES_AGGRESSIVE;
				CLANG_CXX_LANGUAGE_STANDARD = "gnu++14";
				CLANG_CXX_LIBRARY = "libc++";
				CLANG_ENABLE_MODULES = YES;
				CLANG_ENABLE_OBJC_ARC = YES;
				CLANG_ENABLE_OBJC_WEAK = YES;
				CLANG_WARN_BLOCK_CAPTURE_AUTORELEASING = YES;
				CLANG_WARN_BOOL_CONVERSION = YES;
				CLANG_WARN_COMMA = YES;
				CLANG_WARN_CONSTANT_CONVERSION = YES;
				CLANG_WARN_DEPRECATED_OBJC_IMPLEMENTATIONS = YES;
				CLANG_WARN_DIRECT_OBJC_ISA_USAGE = YES_ERROR;
				CLANG_WARN_DOCUMENTATION_COMMENTS = YES;
				CLANG_WARN_EMPTY_BODY = YES;
				CLANG_WARN_ENUM_CONVERSION = YES;
				CLANG_WARN_INFINITE_RECURSION = YES;
				CLANG_WARN_INT_CONVERSION = YES;
				CLANG_WARN_NON_LITERAL_NULL_CONVERSION = YES;
				CLANG_WARN_OBJC_IMPLICIT_RETAIN_SELF = YES;
				CLANG_WARN_OBJC_LITERAL_CONVERSION = YES;
				CLANG_WARN_OBJC_ROOT_CLASS = YES_ERROR;
				CLANG_WARN_RANGE_LOOP_ANALYSIS = YES;
				CLANG_WARN_STRICT_PROTOTYPES = YES;
				CLANG_WARN_SUSPICIOUS_MOVE = YES;
				CLANG_WARN_UNGUARDED_AVAILABILITY = YES_AGGRESSIVE;
				CLANG_WARN_UNREACHABLE_CODE = YES;
				CLANG_WARN__DUPLICATE_METHOD_MATCH = YES;
				CODE_SIGN_IDENTITY = "iPhone Developer";
				COPY_PHASE_STRIP = NO;
				DEBUG_INFORMATION_FORMAT = "dwarf-with-dsym";
				ENABLE_NS_ASSERTIONS = NO;
				ENABLE_STRICT_OBJC_MSGSEND = YES;
				GCC_C_LANGUAGE_STANDARD = gnu11;
				GCC_NO_COMMON_BLOCKS = YES;
				GCC_WARN_64_TO_32_BIT_CONVERSION = YES;
				GCC_WARN_ABOUT_RETURN_TYPE = YES_ERROR;
				GCC_WARN_UNDECLARED_SELECTOR = YES;
				GCC_WARN_UNINITIALIZED_AUTOS = YES_AGGRESSIVE;
				GCC_WARN_UNUSED_FUNCTION = YES;
				GCC_WARN_UNUSED_VARIABLE = YES;
				IPHONEOS_DEPLOYMENT_TARGET = 12.1;
				MTL_ENABLE_DEBUG_INFO = NO;
				MTL_FAST_MATH = YES;
				SDKROOT = iphoneos;
				SWIFT_COMPILATION_MODE = wholemodule;
				SWIFT_OPTIMIZATION_LEVEL = "-O";
				VALIDATE_PRODUCT = YES;
			};
			name = Release;
		};
		F5BBE80023CD9BBE00820EC0 /* Debug */ = {
			isa = XCBuildConfiguration;
			buildSettings = {
				ALWAYS_EMBED_SWIFT_STANDARD_LIBRARIES = YES;
				ASSETCATALOG_COMPILER_APPICON_NAME = AppIcon;
				CODE_SIGN_STYLE = Automatic;
				DEVELOPMENT_TEAM = 48LDZRBPHR;
				INFOPLIST_FILE = AlamofirewithGit/Info.plist;
				LD_RUNPATH_SEARCH_PATHS = (
					"$(inherited)",
					"@executable_path/Frameworks",
				);
				PRODUCT_BUNDLE_IDENTIFIER = com.benseron.AlamofirewithGit;
				PRODUCT_NAME = "$(TARGET_NAME)";
				SWIFT_VERSION = 4.2;
				TARGETED_DEVICE_FAMILY = "1,2";
			};
			name = Debug;
		};
		F5BBE80123CD9BBE00820EC0 /* Release */ = {
			isa = XCBuildConfiguration;
			buildSettings = {
				ALWAYS_EMBED_SWIFT_STANDARD_LIBRARIES = YES;
				ASSETCATALOG_COMPILER_APPICON_NAME = AppIcon;
				CODE_SIGN_STYLE = Automatic;
				DEVELOPMENT_TEAM = 48LDZRBPHR;
				INFOPLIST_FILE = AlamofirewithGit/Info.plist;
				LD_RUNPATH_SEARCH_PATHS = (
					"$(inherited)",
					"@executable_path/Frameworks",
				);
				PRODUCT_BUNDLE_IDENTIFIER = com.benseron.AlamofirewithGit;
				PRODUCT_NAME = "$(TARGET_NAME)";
				SWIFT_VERSION = 4.2;
				TARGETED_DEVICE_FAMILY = "1,2";
			};
			name = Release;
		};
/* End XCBuildConfiguration section */

/* Begin XCConfigurationList section */
		F5BBE7E823CD9BB800820EC0 /* Build configuration list for PBXProject "AlamofirewithGit" */ = {
			isa = XCConfigurationList;
			buildConfigurations = (
				F5BBE7FD23CD9BBE00820EC0 /* Debug */,
				F5BBE7FE23CD9BBE00820EC0 /* Release */,
			);
			defaultConfigurationIsVisible = 0;
			defaultConfigurationName = Release;
		};
		F5BBE7FF23CD9BBE00820EC0 /* Build configuration list for PBXNativeTarget "AlamofirewithGit" */ = {
			isa = XCConfigurationList;
			buildConfigurations = (
				F5BBE80023CD9BBE00820EC0 /* Debug */,
				F5BBE80123CD9BBE00820EC0 /* Release */,
			);
			defaultConfigurationIsVisible = 0;
			defaultConfigurationName = Release;
		};
/* End XCConfigurationList section */
	};
	rootObject = F5BBE7E523CD9BB800820EC0 /* Project object */;
}
