// !$*UTF8*$!
{
	archiveVersion = 1;
	classes = {
	};
	objectVersion = 50;
	objects = {

/* Begin PBXBuildFile section */
		F17C326823B613E0006D35F4 /* AppDelegate.swift in Sources */ = {isa = PBXBuildFile; fileRef = F17C326723B613E0006D35F4 /* AppDelegate.swift */; };
		F17C326A23B613E0006D35F4 /* ViewController.swift in Sources */ = {isa = PBXBuildFile; fileRef = F17C326923B613E0006D35F4 /* ViewController.swift */; };
		F17C326D23B613E0006D35F4 /* Main.storyboard in Resources */ = {isa = PBXBuildFile; fileRef = F17C326B23B613E0006D35F4 /* Main.storyboard */; };
		F17C327023B613E0006D35F4 /* todo_list.xcdatamodeld in Sources */ = {isa = PBXBuildFile; fileRef = F17C326E23B613E0006D35F4 /* todo_list.xcdatamodeld */; };
		F17C327223B613EA006D35F4 /* Assets.xcassets in Resources */ = {isa = PBXBuildFile; fileRef = F17C327123B613EA006D35F4 /* Assets.xcassets */; };
		F17C327523B613EA006D35F4 /* LaunchScreen.storyboard in Resources */ = {isa = PBXBuildFile; fileRef = F17C327323B613EA006D35F4 /* LaunchScreen.storyboard */; };
		F17C327F23B61CEA006D35F4 /* ItemTableViewCell.swift in Sources */ = {isa = PBXBuildFile; fileRef = F17C327E23B61CEA006D35F4 /* ItemTableViewCell.swift */; };
		F17C328123B61D9E006D35F4 /* Item.swift in Sources */ = {isa = PBXBuildFile; fileRef = F17C328023B61D9E006D35F4 /* Item.swift */; };
		F17C328523B62885006D35F4 /* ItemTableViewController.swift in Sources */ = {isa = PBXBuildFile; fileRef = F17C328423B62885006D35F4 /* ItemTableViewController.swift */; };
/* End PBXBuildFile section */

/* Begin PBXFileReference section */
		F17C326423B613E0006D35F4 /* todo list.app */ = {isa = PBXFileReference; explicitFileType = wrapper.application; includeInIndex = 0; path = "todo list.app"; sourceTree = BUILT_PRODUCTS_DIR; };
		F17C326723B613E0006D35F4 /* AppDelegate.swift */ = {isa = PBXFileReference; lastKnownFileType = sourcecode.swift; path = AppDelegate.swift; sourceTree = "<group>"; };
		F17C326923B613E0006D35F4 /* ViewController.swift */ = {isa = PBXFileReference; lastKnownFileType = sourcecode.swift; path = ViewController.swift; sourceTree = "<group>"; };
		F17C326C23B613E0006D35F4 /* Base */ = {isa = PBXFileReference; lastKnownFileType = file.storyboard; name = Base; path = Base.lproj/Main.storyboard; sourceTree = "<group>"; };
		F17C326F23B613E0006D35F4 /* todo_list.xcdatamodel */ = {isa = PBXFileReference; lastKnownFileType = wrapper.xcdatamodel; path = todo_list.xcdatamodel; sourceTree = "<group>"; };
		F17C327123B613EA006D35F4 /* Assets.xcassets */ = {isa = PBXFileReference; lastKnownFileType = folder.assetcatalog; path = Assets.xcassets; sourceTree = "<group>"; };
		F17C327423B613EA006D35F4 /* Base */ = {isa = PBXFileReference; lastKnownFileType = file.storyboard; name = Base; path = Base.lproj/LaunchScreen.storyboard; sourceTree = "<group>"; };
		F17C327623B613EA006D35F4 /* Info.plist */ = {isa = PBXFileReference; lastKnownFileType = text.plist.xml; path = Info.plist; sourceTree = "<group>"; };
		F17C327E23B61CEA006D35F4 /* ItemTableViewCell.swift */ = {isa = PBXFileReference; lastKnownFileType = sourcecode.swift; path = ItemTableViewCell.swift; sourceTree = "<group>"; };
		F17C328023B61D9E006D35F4 /* Item.swift */ = {isa = PBXFileReference; lastKnownFileType = sourcecode.swift; path = Item.swift; sourceTree = "<group>"; };
		F17C328423B62885006D35F4 /* ItemTableViewController.swift */ = {isa = PBXFileReference; lastKnownFileType = sourcecode.swift; path = ItemTableViewController.swift; sourceTree = "<group>"; };
/* End PBXFileReference section */

/* Begin PBXFrameworksBuildPhase section */
		F17C326123B613E0006D35F4 /* Frameworks */ = {
			isa = PBXFrameworksBuildPhase;
			buildActionMask = 2147483647;
			files = (
			);
			runOnlyForDeploymentPostprocessing = 0;
		};
/* End PBXFrameworksBuildPhase section */

/* Begin PBXGroup section */
		F17C325B23B613E0006D35F4 = {
			isa = PBXGroup;
			children = (
				F17C326623B613E0006D35F4 /* todo list */,
				F17C326523B613E0006D35F4 /* Products */,
			);
			sourceTree = "<group>";
		};
		F17C326523B613E0006D35F4 /* Products */ = {
			isa = PBXGroup;
			children = (
				F17C326423B613E0006D35F4 /* todo list.app */,
			);
			name = Products;
			sourceTree = "<group>";
		};
		F17C326623B613E0006D35F4 /* todo list */ = {
			isa = PBXGroup;
			children = (
				F17C326723B613E0006D35F4 /* AppDelegate.swift */,
				F17C326923B613E0006D35F4 /* ViewController.swift */,
				F17C326B23B613E0006D35F4 /* Main.storyboard */,
				F17C328423B62885006D35F4 /* ItemTableViewController.swift */,
				F17C327123B613EA006D35F4 /* Assets.xcassets */,
				F17C327323B613EA006D35F4 /* LaunchScreen.storyboard */,
				F17C327623B613EA006D35F4 /* Info.plist */,
				F17C326E23B613E0006D35F4 /* todo_list.xcdatamodeld */,
				F17C327E23B61CEA006D35F4 /* ItemTableViewCell.swift */,
				F17C328023B61D9E006D35F4 /* Item.swift */,
			);
			path = "todo list";
			sourceTree = "<group>";
		};
/* End PBXGroup section */

/* Begin PBXNativeTarget section */
		F17C326323B613E0006D35F4 /* todo list */ = {
			isa = PBXNativeTarget;
			buildConfigurationList = F17C327923B613EA006D35F4 /* Build configuration list for PBXNativeTarget "todo list" */;
			buildPhases = (
				F17C326023B613E0006D35F4 /* Sources */,
				F17C326123B613E0006D35F4 /* Frameworks */,
				F17C326223B613E0006D35F4 /* Resources */,
			);
			buildRules = (
			);
			dependencies = (
			);
			name = "todo list";
			productName = "todo list";
			productReference = F17C326423B613E0006D35F4 /* todo list.app */;
			productType = "com.apple.product-type.application";
		};
/* End PBXNativeTarget section */

/* Begin PBXProject section */
		F17C325C23B613E0006D35F4 /* Project object */ = {
			isa = PBXProject;
			attributes = {
				LastSwiftUpdateCheck = 1010;
				LastUpgradeCheck = 1010;
				ORGANIZATIONNAME = Benseron;
				TargetAttributes = {
					F17C326323B613E0006D35F4 = {
						CreatedOnToolsVersion = 10.1;
					};
				};
			};
			buildConfigurationList = F17C325F23B613E0006D35F4 /* Build configuration list for PBXProject "todo list" */;
			compatibilityVersion = "Xcode 9.3";
			developmentRegion = en;
			hasScannedForEncodings = 0;
			knownRegions = (
				en,
				Base,
			);
			mainGroup = F17C325B23B613E0006D35F4;
			productRefGroup = F17C326523B613E0006D35F4 /* Products */;
			projectDirPath = "";
			projectRoot = "";
			targets = (
				F17C326323B613E0006D35F4 /* todo list */,
			);
		};
/* End PBXProject section */

/* Begin PBXResourcesBuildPhase section */
		F17C326223B613E0006D35F4 /* Resources */ = {
			isa = PBXResourcesBuildPhase;
			buildActionMask = 2147483647;
			files = (
				F17C327523B613EA006D35F4 /* LaunchScreen.storyboard in Resources */,
				F17C327223B613EA006D35F4 /* Assets.xcassets in Resources */,
				F17C326D23B613E0006D35F4 /* Main.storyboard in Resources */,
			);
			runOnlyForDeploymentPostprocessing = 0;
		};
/* End PBXResourcesBuildPhase section */

/* Begin PBXSourcesBuildPhase section */
		F17C326023B613E0006D35F4 /* Sources */ = {
			isa = PBXSourcesBuildPhase;
			buildActionMask = 2147483647;
			files = (
				F17C328123B61D9E006D35F4 /* Item.swift in Sources */,
				F17C326A23B613E0006D35F4 /* ViewController.swift in Sources */,
				F17C327F23B61CEA006D35F4 /* ItemTableViewCell.swift in Sources */,
				F17C327023B613E0006D35F4 /* todo_list.xcdatamodeld in Sources */,
				F17C328523B62885006D35F4 /* ItemTableViewController.swift in Sources */,
				F17C326823B613E0006D35F4 /* AppDelegate.swift in Sources */,
			);
			runOnlyForDeploymentPostprocessing = 0;
		};
/* End PBXSourcesBuildPhase section */

/* Begin PBXVariantGroup section */
		F17C326B23B613E0006D35F4 /* Main.storyboard */ = {
			isa = PBXVariantGroup;
			children = (
				F17C326C23B613E0006D35F4 /* Base */,
			);
			name = Main.storyboard;
			sourceTree = "<group>";
		};
		F17C327323B613EA006D35F4 /* LaunchScreen.storyboard */ = {
			isa = PBXVariantGroup;
			children = (
				F17C327423B613EA006D35F4 /* Base */,
			);
			name = LaunchScreen.storyboard;
			sourceTree = "<group>";
		};
/* End PBXVariantGroup section */

/* Begin XCBuildConfiguration section */
		F17C327723B613EA006D35F4 /* Debug */ = {
			isa = XCBuildConfiguration;
			buildSettings = {
				ALWAYS_SEARCH_USER_PATHS = NO;
				CLANG_ANALYZER_NONNULL = YES;
				CLANG_ANALYZER_NUMBER_OBJECT_CONVERSION = YES_AGGRESSIVE;
				CLANG_CXX_LANGUAGE_STANDARD = "gnu++14";
				CLANG_CXX_LIBRARY = "libc++";
				CLANG_ENABLE_MODULES = YES;
				CLANG_ENABLE_OBJC_ARC = YES;
				CLANG_ENABLE_OBJC_WEAK = YES;
				CLANG_WARN_BLOCK_CAPTURE_AUTORELEASING = YES;
				CLANG_WARN_BOOL_CONVERSION = YES;
				CLANG_WARN_COMMA = YES;
				CLANG_WARN_CONSTANT_CONVERSION = YES;
				CLANG_WARN_DEPRECATED_OBJC_IMPLEMENTATIONS = YES;
				CLANG_WARN_DIRECT_OBJC_ISA_USAGE = YES_ERROR;
				CLANG_WARN_DOCUMENTATION_COMMENTS = YES;
				CLANG_WARN_EMPTY_BODY = YES;
				CLANG_WARN_ENUM_CONVERSION = YES;
				CLANG_WARN_INFINITE_RECURSION = YES;
				CLANG_WARN_INT_CONVERSION = YES;
				CLANG_WARN_NON_LITERAL_NULL_CONVERSION = YES;
				CLANG_WARN_OBJC_IMPLICIT_RETAIN_SELF = YES;
				CLANG_WARN_OBJC_LITERAL_CONVERSION = YES;
				CLANG_WARN_OBJC_ROOT_CLASS = YES_ERROR;
				CLANG_WARN_RANGE_LOOP_ANALYSIS = YES;
				CLANG_WARN_STRICT_PROTOTYPES = YES;
				CLANG_WARN_SUSPICIOUS_MOVE = YES;
				CLANG_WARN_UNGUARDED_AVAILABILITY = YES_AGGRESSIVE;
				CLANG_WARN_UNREACHABLE_CODE = YES;
				CLANG_WARN__DUPLICATE_METHOD_MATCH = YES;
				CODE_SIGN_IDENTITY = "iPhone Developer";
				COPY_PHASE_STRIP = NO;
				DEBUG_INFORMATION_FORMAT = dwarf;
				ENABLE_STRICT_OBJC_MSGSEND = YES;
				ENABLE_TESTABILITY = YES;
				GCC_C_LANGUAGE_STANDARD = gnu11;
				GCC_DYNAMIC_NO_PIC = NO;
				GCC_NO_COMMON_BLOCKS = YES;
				GCC_OPTIMIZATION_LEVEL = 0;
				GCC_PREPROCESSOR_DEFINITIONS = (
					"DEBUG=1",
					"$(inherited)",
				);
				GCC_WARN_64_TO_32_BIT_CONVERSION = YES;
				GCC_WARN_ABOUT_RETURN_TYPE = YES_ERROR;
				GCC_WARN_UNDECLARED_SELECTOR = YES;
				GCC_WARN_UNINITIALIZED_AUTOS = YES_AGGRESSIVE;
				GCC_WARN_UNUSED_FUNCTION = YES;
				GCC_WARN_UNUSED_VARIABLE = YES;
				IPHONEOS_DEPLOYMENT_TARGET = 12.1;
				MTL_ENABLE_DEBUG_INFO = INCLUDE_SOURCE;
				MTL_FAST_MATH = YES;
				ONLY_ACTIVE_ARCH = YES;
				SDKROOT = iphoneos;
				SWIFT_ACTIVE_COMPILATION_CONDITIONS = DEBUG;
				SWIFT_OPTIMIZATION_LEVEL = "-Onone";
			};
			name = Debug;
		};
		F17C327823B613EA006D35F4 /* Release */ = {
			isa = XCBuildConfiguration;
			buildSettings = {
				ALWAYS_SEARCH_USER_PATHS = NO;
				CLANG_ANALYZER_NONNULL = YES;
				CLANG_ANALYZER_NUMBER_OBJECT_CONVERSION = YES_AGGRESSIVE;
				CLANG_CXX_LANGUAGE_STANDARD = "gnu++14";
				CLANG_CXX_LIBRARY = "libc++";
				CLANG_ENABLE_MODULES = YES;
				CLANG_ENABLE_OBJC_ARC = YES;
				CLANG_ENABLE_OBJC_WEAK = YES;
				CLANG_WARN_BLOCK_CAPTURE_AUTORELEASING = YES;
				CLANG_WARN_BOOL_CONVERSION = YES;
				CLANG_WARN_COMMA = YES;
				CLANG_WARN_CONSTANT_CONVERSION = YES;
				CLANG_WARN_DEPRECATED_OBJC_IMPLEMENTATIONS = YES;
				CLANG_WARN_DIRECT_OBJC_ISA_USAGE = YES_ERROR;
				CLANG_WARN_DOCUMENTATION_COMMENTS = YES;
				CLANG_WARN_EMPTY_BODY = YES;
				CLANG_WARN_ENUM_CONVERSION = YES;
				CLANG_WARN_INFINITE_RECURSION = YES;
				CLANG_WARN_INT_CONVERSION = YES;
				CLANG_WARN_NON_LITERAL_NULL_CONVERSION = YES;
				CLANG_WARN_OBJC_IMPLICIT_RETAIN_SELF = YES;
				CLANG_WARN_OBJC_LITERAL_CONVERSION = YES;
				CLANG_WARN_OBJC_ROOT_CLASS = YES_ERROR;
				CLANG_WARN_RANGE_LOOP_ANALYSIS = YES;
				CLANG_WARN_STRICT_PROTOTYPES = YES;
				CLANG_WARN_SUSPICIOUS_MOVE = YES;
				CLANG_WARN_UNGUARDED_AVAILABILITY = YES_AGGRESSIVE;
				CLANG_WARN_UNREACHABLE_CODE = YES;
				CLANG_WARN__DUPLICATE_METHOD_MATCH = YES;
				CODE_SIGN_IDENTITY = "iPhone Developer";
				COPY_PHASE_STRIP = NO;
				DEBUG_INFORMATION_FORMAT = "dwarf-with-dsym";
				ENABLE_NS_ASSERTIONS = NO;
				ENABLE_STRICT_OBJC_MSGSEND = YES;
				GCC_C_LANGUAGE_STANDARD = gnu11;
				GCC_NO_COMMON_BLOCKS = YES;
				GCC_WARN_64_TO_32_BIT_CONVERSION = YES;
				GCC_WARN_ABOUT_RETURN_TYPE = YES_ERROR;
				GCC_WARN_UNDECLARED_SELECTOR = YES;
				GCC_WARN_UNINITIALIZED_AUTOS = YES_AGGRESSIVE;
				GCC_WARN_UNUSED_FUNCTION = YES;
				GCC_WARN_UNUSED_VARIABLE = YES;
				IPHONEOS_DEPLOYMENT_TARGET = 12.1;
				MTL_ENABLE_DEBUG_INFO = NO;
				MTL_FAST_MATH = YES;
				SDKROOT = iphoneos;
				SWIFT_COMPILATION_MODE = wholemodule;
				SWIFT_OPTIMIZATION_LEVEL = "-O";
				VALIDATE_PRODUCT = YES;
			};
			name = Release;
		};
		F17C327A23B613EA006D35F4 /* Debug */ = {
			isa = XCBuildConfiguration;
			buildSettings = {
				ASSETCATALOG_COMPILER_APPICON_NAME = AppIcon;
				CODE_SIGN_STYLE = Automatic;
				DEVELOPMENT_TEAM = 36SEX95WNS;
				INFOPLIST_FILE = "todo list/Info.plist";
				LD_RUNPATH_SEARCH_PATHS = (
					"$(inherited)",
					"@executable_path/Frameworks",
				);
				PRODUCT_BUNDLE_IDENTIFIER = "com.benseron.todo-list";
				PRODUCT_NAME = "$(TARGET_NAME)";
				SWIFT_VERSION = 4.2;
				TARGETED_DEVICE_FAMILY = "1,2";
			};
			name = Debug;
		};
		F17C327B23B613EA006D35F4 /* Release */ = {
			isa = XCBuildConfiguration;
			buildSettings = {
				ASSETCATALOG_COMPILER_APPICON_NAME = AppIcon;
				CODE_SIGN_STYLE = Automatic;
				DEVELOPMENT_TEAM = 36SEX95WNS;
				INFOPLIST_FILE = "todo list/Info.plist";
				LD_RUNPATH_SEARCH_PATHS = (
					"$(inherited)",
					"@executable_path/Frameworks",
				);
				PRODUCT_BUNDLE_IDENTIFIER = "com.benseron.todo-list";
				PRODUCT_NAME = "$(TARGET_NAME)";
				SWIFT_VERSION = 4.2;
				TARGETED_DEVICE_FAMILY = "1,2";
			};
			name = Release;
		};
/* End XCBuildConfiguration section */

/* Begin XCConfigurationList section */
		F17C325F23B613E0006D35F4 /* Build configuration list for PBXProject "todo list" */ = {
			isa = XCConfigurationList;
			buildConfigurations = (
				F17C327723B613EA006D35F4 /* Debug */,
				F17C327823B613EA006D35F4 /* Release */,
			);
			defaultConfigurationIsVisible = 0;
			defaultConfigurationName = Release;
		};
		F17C327923B613EA006D35F4 /* Build configuration list for PBXNativeTarget "todo list" */ = {
			isa = XCConfigurationList;
			buildConfigurations = (
				F17C327A23B613EA006D35F4 /* Debug */,
				F17C327B23B613EA006D35F4 /* Release */,
			);
			defaultConfigurationIsVisible = 0;
			defaultConfigurationName = Release;
		};
/* End XCConfigurationList section */

/* Begin XCVersionGroup section */
		F17C326E23B613E0006D35F4 /* todo_list.xcdatamodeld */ = {
			isa = XCVersionGroup;
			children = (
				F17C326F23B613E0006D35F4 /* todo_list.xcdatamodel */,
			);
			currentVersion = F17C326F23B613E0006D35F4 /* todo_list.xcdatamodel */;
			path = todo_list.xcdatamodeld;
			sourceTree = "<group>";
			versionGroupType = wrapper.xcdatamodel;
		};
/* End XCVersionGroup section */
	};
	rootObject = F17C325C23B613E0006D35F4 /* Project object */;
}
